
Microsoft Visual Studio Solution File, Format Version 12.00
# Visual Studio Version 16
VisualStudioVersion = 16.0.29403.142
MinimumVisualStudioVersion = 10.0.40219.1
Project("{FAE04EC0-301F-11D3-BF4B-00C04F79EFBC}") = "AliCloudPushDroidBinding", "AliCloudPushDroidBinding\AliCloudPushDroidBinding.csproj", "{829DC4F5-96EF-4A73-B83A-197FB289200F}"
EndProject
Project("{FAE04EC0-301F-11D3-BF4B-00C04F79EFBC}") = "AliMeizuPushBinding", "AliMeizuPushBinding\AliMeizuPushBinding.csproj", "{82DB2B14-C2A8-4102-AD32-7B0CAA108396}"
EndProject
Project("{FAE04EC0-301F-11D3-BF4B-00C04F79EFBC}") = "AliThirdPushBinding", "AliThirdPushBinding\AliThirdPushBinding.csproj", "{9AD26962-F0A5-4FAB-A1B2-7725B34A03B1}"
EndProject
Global
	GlobalSection(SolutionConfigurationPlatforms) = preSolution
		Debug_Bopoda|Any CPU = Debug_Bopoda|Any CPU
		Debug|Any CPU = Debug|Any CPU
		Release_Bopoda|Any CPU = Release_Bopoda|Any CPU
		Release_Yunke|Any CPU = Release_Yunke|Any CPU
		Release|Any CPU = Release|Any CPU
		Test_Bopoda|Any CPU = Test_Bopoda|Any CPU
		Test_Yunke|Any CPU = Test_Yunke|Any CPU
	EndGlobalSection
	GlobalSection(ProjectConfigurationPlatforms) = postSolution
		{829DC4F5-96EF-4A73-B83A-197FB289200F}.Debug_Bopoda|Any CPU.ActiveCfg = Debug_Bopoda|Any CPU
		{829DC4F5-96EF-4A73-B83A-197FB289200F}.Debug_Bopoda|Any CPU.Build.0 = Debug_Bopoda|Any CPU
		{829DC4F5-96EF-4A73-B83A-197FB289200F}.Debug|Any CPU.ActiveCfg = Debug|Any CPU
		{829DC4F5-96EF-4A73-B83A-197FB289200F}.Debug|Any CPU.Build.0 = Debug|Any CPU
		{829DC4F5-96EF-4A73-B83A-197FB289200F}.Release_Bopoda|Any CPU.ActiveCfg = Release_Bopoda|Any CPU
		{829DC4F5-96EF-4A73-B83A-197FB289200F}.Release_Bopoda|Any CPU.Build.0 = Release_Bopoda|Any CPU
		{829DC4F5-96EF-4A73-B83A-197FB289200F}.Release_Yunke|Any CPU.ActiveCfg = Release_Yunke|Any CPU
		{829DC4F5-96EF-4A73-B83A-197FB289200F}.Release_Yunke|Any CPU.Build.0 = Release_Yunke|Any CPU
		{829DC4F5-96EF-4A73-B83A-197FB289200F}.Release|Any CPU.ActiveCfg = Release|Any CPU
		{829DC4F5-96EF-4A73-B83A-197FB289200F}.Release|Any CPU.Build.0 = Release|Any CPU
		{829DC4F5-96EF-4A73-B83A-197FB289200F}.Test_Bopoda|Any CPU.ActiveCfg = Test_Bopoda|Any CPU
		{829DC4F5-96EF-4A73-B83A-197FB289200F}.Test_Bopoda|Any CPU.Build.0 = Test_Bopoda|Any CPU
		{829DC4F5-96EF-4A73-B83A-197FB289200F}.Test_Yunke|Any CPU.ActiveCfg = Test_Yunke|Any CPU
		{829DC4F5-96EF-4A73-B83A-197FB289200F}.Test_Yunke|Any CPU.Build.0 = Test_Yunke|Any CPU
		{82DB2B14-C2A8-4102-AD32-7B0CAA108396}.Debug_Bopoda|Any CPU.ActiveCfg = Debug|Any CPU
		{82DB2B14-C2A8-4102-AD32-7B0CAA108396}.Debug_Bopoda|Any CPU.Build.0 = Debug|Any CPU
		{82DB2B14-C2A8-4102-AD32-7B0CAA108396}.Debug|Any CPU.ActiveCfg = Debug|Any CPU
		{82DB2B14-C2A8-4102-AD32-7B0CAA108396}.Debug|Any CPU.Build.0 = Debug|Any CPU
		{82DB2B14-C2A8-4102-AD32-7B0CAA108396}.Release_Bopoda|Any CPU.ActiveCfg = Release_Bopoda|Any CPU
		{82DB2B14-C2A8-4102-AD32-7B0CAA108396}.Release_Bopoda|Any CPU.Build.0 = Release_Bopoda|Any CPU
		{82DB2B14-C2A8-4102-AD32-7B0CAA108396}.Release_Yunke|Any CPU.ActiveCfg = Release_Yunke|Any CPU
		{82DB2B14-C2A8-4102-AD32-7B0CAA108396}.Release_Yunke|Any CPU.Build.0 = Release_Yunke|Any CPU
		{82DB2B14-C2A8-4102-AD32-7B0CAA108396}.Release|Any CPU.ActiveCfg = Release|Any CPU
		{82DB2B14-C2A8-4102-AD32-7B0CAA108396}.Release|Any CPU.Build.0 = Release|Any CPU
		{82DB2B14-C2A8-4102-AD32-7B0CAA108396}.Test_Bopoda|Any CPU.ActiveCfg = Test_Bopoda|Any CPU
		{82DB2B14-C2A8-4102-AD32-7B0CAA108396}.Test_Bopoda|Any CPU.Build.0 = Test_Bopoda|Any CPU
		{82DB2B14-C2A8-4102-AD32-7B0CAA108396}.Test_Yunke|Any CPU.ActiveCfg = Test_Yunke|Any CPU
		{82DB2B14-C2A8-4102-AD32-7B0CAA108396}.Test_Yunke|Any CPU.Build.0 = Test_Yunke|Any CPU
		{9AD26962-F0A5-4FAB-A1B2-7725B34A03B1}.Debug_Bopoda|Any CPU.ActiveCfg = Debug_Bopoda|Any CPU
		{9AD26962-F0A5-4FAB-A1B2-7725B34A03B1}.Debug_Bopoda|Any CPU.Build.0 = Debug_Bopoda|Any CPU
		{9AD26962-F0A5-4FAB-A1B2-7725B34A03B1}.Debug|Any CPU.ActiveCfg = Debug|Any CPU
		{9AD26962-F0A5-4FAB-A1B2-7725B34A03B1}.Debug|Any CPU.Build.0 = Debug|Any CPU
		{9AD26962-F0A5-4FAB-A1B2-7725B34A03B1}.Release_Bopoda|Any CPU.ActiveCfg = Release_Bopoda|Any CPU
		{9AD26962-F0A5-4FAB-A1B2-7725B34A03B1}.Release_Bopoda|Any CPU.Build.0 = Release_Bopoda|Any CPU
		{9AD26962-F0A5-4FAB-A1B2-7725B34A03B1}.Release_Yunke|Any CPU.ActiveCfg = Release_Yunke|Any CPU
		{9AD26962-F0A5-4FAB-A1B2-7725B34A03B1}.Release_Yunke|Any CPU.Build.0 = Release_Yunke|Any CPU
		{9AD26962-F0A5-4FAB-A1B2-7725B34A03B1}.Release|Any CPU.ActiveCfg = Release|Any CPU
		{9AD26962-F0A5-4FAB-A1B2-7725B34A03B1}.Release|Any CPU.Build.0 = Release|Any CPU
		{9AD26962-F0A5-4FAB-A1B2-7725B34A03B1}.Test_Bopoda|Any CPU.ActiveCfg = Test_Bopoda|Any CPU
		{9AD26962-F0A5-4FAB-A1B2-7725B34A03B1}.Test_Bopoda|Any CPU.Build.0 = Test_Bopoda|Any CPU
		{9AD26962-F0A5-4FAB-A1B2-7725B34A03B1}.Test_Yunke|Any CPU.ActiveCfg = Test_Yunke|Any CPU
		{9AD26962-F0A5-4FAB-A1B2-7725B34A03B1}.Test_Yunke|Any CPU.Build.0 = Test_Yunke|Any CPU
	EndGlobalSection
	GlobalSection(SolutionProperties) = preSolution
		HideSolutionNode = FALSE
	EndGlobalSection
	GlobalSection(ExtensibilityGlobals) = postSolution
		SolutionGuid = {B22E479D-5DF6-44D1-ABC1-F503C7F95C2B}
	EndGlobalSection
EndGlobal
